
Microsoft Visual Studio Solution File, Format Version 12.00
# Visual Studio Version 16
VisualStudioVersion = 16.0.31129.286
MinimumVisualStudioVersion = 10.0.40219.1
Project("{9A19103F-16F7-4668-BE54-9A1E7A4F7556}") = "Albion", "Albion.csproj", "{E552E8B4-5756-49FB-B35B-F67368AB1B38}"
EndProject
Global
	GlobalSection(SolutionConfigurationPlatforms) = preSolution
		Debug|Any CPU = Debug|Any CPU
		Release|Any CPU = Release|Any CPU
	EndGlobalSection
	GlobalSection(ProjectConfigurationPlatforms) = postSolution
		{E552E8B4-5756-49FB-B35B-F67368AB1B38}.Debug|Any CPU.ActiveCfg = Debug|Any CPU
		{E552E8B4-5756-49FB-B35B-F67368AB1B38}.Debug|Any CPU.Build.0 = Debug|Any CPU
		{E552E8B4-5756-49FB-B35B-F67368AB1B38}.Release|Any CPU.ActiveCfg = Release|Any CPU
		{E552E8B4-5756-49FB-B35B-F67368AB1B38}.Release|Any CPU.Build.0 = Release|Any CPU
	EndGlobalSection
	GlobalSection(SolutionProperties) = preSolution
		HideSolutionNode = FALSE
	EndGlobalSection
	GlobalSection(ExtensibilityGlobals) = postSolution
		SolutionGuid = {D09A118D-A9C1-4C88-BAEC-1FA61521144E}
	EndGlobalSection
EndGlobal
